
Microsoft Visual Studio Solution File, Format Version 12.00
# Visual Studio Version 16
VisualStudioVersion = 16.0.31424.327
MinimumVisualStudioVersion = 10.0.40219.1
Project("{9A19103F-16F7-4668-BE54-9A1E7A4F7556}") = "Sbuscriber", "Sbuscriber.csproj", "{F9E4EB17-2D4C-4FED-A323-265ADB8B5EE4}"
EndProject
Project("{2150E333-8FDC-42A3-9474-1A3956D46DE8}") = "DataProviders", "DataProviders", "{3411B41B-BD8B-40CE-BF35-A0EE6992E619}"
EndProject
Project("{9A19103F-16F7-4668-BE54-9A1E7A4F7556}") = "DataProviderInterfaces", "DataProviders\DataProviderInterfaces\DataProviderInterfaces.csproj", "{ABD412E2-A796-4C96-9E90-0E490D2A1AA5}"
EndProject
Project("{9A19103F-16F7-4668-BE54-9A1E7A4F7556}") = "DataModels", "DataProviders\DataModels\DataModels.csproj", "{CA874C62-DD45-40EE-8DC6-707FDFAEAE7E}"
EndProject
Project("{9A19103F-16F7-4668-BE54-9A1E7A4F7556}") = "WebAppHelper", "WebAppHelper\WebAppHelper.csproj", "{A1384E48-14E8-4AE5-80B6-F9859B7F70D3}"
EndProject
Project("{FAE04EC0-301F-11D3-BF4B-00C04F79EFBC}") = "FacebookProvider", "DataProviders\FacebookProvider\FacebookProvider.csproj", "{7B234EDC-8299-418F-B8D0-13DDD51D50BA}"
EndProject
Project("{FAE04EC0-301F-11D3-BF4B-00C04F79EFBC}") = "FirebaseProvider", "..\FirebaseProvider\FirebaseProvider.csproj", "{5A7ED118-56B6-4F9D-81DB-B8E7FA4B146A}"
EndProject
Global
	GlobalSection(SolutionConfigurationPlatforms) = preSolution
		Debug|Any CPU = Debug|Any CPU
		Release|Any CPU = Release|Any CPU
	EndGlobalSection
	GlobalSection(ProjectConfigurationPlatforms) = postSolution
		{F9E4EB17-2D4C-4FED-A323-265ADB8B5EE4}.Debug|Any CPU.ActiveCfg = Debug|Any CPU
		{F9E4EB17-2D4C-4FED-A323-265ADB8B5EE4}.Debug|Any CPU.Build.0 = Debug|Any CPU
		{F9E4EB17-2D4C-4FED-A323-265ADB8B5EE4}.Release|Any CPU.ActiveCfg = Release|Any CPU
		{F9E4EB17-2D4C-4FED-A323-265ADB8B5EE4}.Release|Any CPU.Build.0 = Release|Any CPU
		{ABD412E2-A796-4C96-9E90-0E490D2A1AA5}.Debug|Any CPU.ActiveCfg = Debug|Any CPU
		{ABD412E2-A796-4C96-9E90-0E490D2A1AA5}.Debug|Any CPU.Build.0 = Debug|Any CPU
		{ABD412E2-A796-4C96-9E90-0E490D2A1AA5}.Release|Any CPU.ActiveCfg = Release|Any CPU
		{ABD412E2-A796-4C96-9E90-0E490D2A1AA5}.Release|Any CPU.Build.0 = Release|Any CPU
		{CA874C62-DD45-40EE-8DC6-707FDFAEAE7E}.Debug|Any CPU.ActiveCfg = Debug|Any CPU
		{CA874C62-DD45-40EE-8DC6-707FDFAEAE7E}.Debug|Any CPU.Build.0 = Debug|Any CPU
		{CA874C62-DD45-40EE-8DC6-707FDFAEAE7E}.Release|Any CPU.ActiveCfg = Release|Any CPU
		{CA874C62-DD45-40EE-8DC6-707FDFAEAE7E}.Release|Any CPU.Build.0 = Release|Any CPU
		{A1384E48-14E8-4AE5-80B6-F9859B7F70D3}.Debug|Any CPU.ActiveCfg = Debug|Any CPU
		{A1384E48-14E8-4AE5-80B6-F9859B7F70D3}.Debug|Any CPU.Build.0 = Debug|Any CPU
		{A1384E48-14E8-4AE5-80B6-F9859B7F70D3}.Release|Any CPU.ActiveCfg = Release|Any CPU
		{A1384E48-14E8-4AE5-80B6-F9859B7F70D3}.Release|Any CPU.Build.0 = Release|Any CPU
		{7B234EDC-8299-418F-B8D0-13DDD51D50BA}.Debug|Any CPU.ActiveCfg = Debug|Any CPU
		{7B234EDC-8299-418F-B8D0-13DDD51D50BA}.Debug|Any CPU.Build.0 = Debug|Any CPU
		{7B234EDC-8299-418F-B8D0-13DDD51D50BA}.Release|Any CPU.ActiveCfg = Release|Any CPU
		{7B234EDC-8299-418F-B8D0-13DDD51D50BA}.Release|Any CPU.Build.0 = Release|Any CPU
		{5A7ED118-56B6-4F9D-81DB-B8E7FA4B146A}.Debug|Any CPU.ActiveCfg = Debug|Any CPU
		{5A7ED118-56B6-4F9D-81DB-B8E7FA4B146A}.Debug|Any CPU.Build.0 = Debug|Any CPU
		{5A7ED118-56B6-4F9D-81DB-B8E7FA4B146A}.Release|Any CPU.ActiveCfg = Release|Any CPU
		{5A7ED118-56B6-4F9D-81DB-B8E7FA4B146A}.Release|Any CPU.Build.0 = Release|Any CPU
	EndGlobalSection
	GlobalSection(SolutionProperties) = preSolution
		HideSolutionNode = FALSE
	EndGlobalSection
	GlobalSection(NestedProjects) = preSolution
		{ABD412E2-A796-4C96-9E90-0E490D2A1AA5} = {3411B41B-BD8B-40CE-BF35-A0EE6992E619}
		{CA874C62-DD45-40EE-8DC6-707FDFAEAE7E} = {3411B41B-BD8B-40CE-BF35-A0EE6992E619}
		{7B234EDC-8299-418F-B8D0-13DDD51D50BA} = {3411B41B-BD8B-40CE-BF35-A0EE6992E619}
		{5A7ED118-56B6-4F9D-81DB-B8E7FA4B146A} = {3411B41B-BD8B-40CE-BF35-A0EE6992E619}
	EndGlobalSection
	GlobalSection(ExtensibilityGlobals) = postSolution
		SolutionGuid = {E26711D3-7F40-4ED8-A480-DD20C2E1516B}
	EndGlobalSection
EndGlobal
